// !$*UTF8*$!
{
	archiveVersion = 1;
	classes = {
	};
	objectVersion = 46;
	objects = {

/* Begin PBXBuildFile section */
		2FB1E6FE2384D73500BB785A /* Collidable.swift in Sources */ = {isa = PBXBuildFile; fileRef = 2FB1E6FD2384D73500BB785A /* Collidable.swift */; };
		2FB1E6FF2384D73500BB785A /* Collidable.swift in Sources */ = {isa = PBXBuildFile; fileRef = 2FB1E6FD2384D73500BB785A /* Collidable.swift */; };
		2FB1E7042384EC5000BB785A /* LiveObject.swift in Sources */ = {isa = PBXBuildFile; fileRef = 2FB1E7032384EC5000BB785A /* LiveObject.swift */; };
		2FB1E7052384EC5000BB785A /* LiveObject.swift in Sources */ = {isa = PBXBuildFile; fileRef = 2FB1E7032384EC5000BB785A /* LiveObject.swift */; };
		2FB1E70E2385012900BB785A /* ArcherAbility.swift in Sources */ = {isa = PBXBuildFile; fileRef = 2FB1E70D2385012900BB785A /* ArcherAbility.swift */; };
		2FB1E70F2385012900BB785A /* ArcherAbility.swift in Sources */ = {isa = PBXBuildFile; fileRef = 2FB1E70D2385012900BB785A /* ArcherAbility.swift */; };
		AF07FE8C1CED0798002EE336 /* PlayerActions.sks in Resources */ = {isa = PBXBuildFile; fileRef = AF07FE8B1CED0798002EE336 /* PlayerActions.sks */; };
		AF08DE001D05E5D600908CCA /* GameLayer.swift in Sources */ = {isa = PBXBuildFile; fileRef = AF08DDFF1D05E5D600908CCA /* GameLayer.swift */; };
		AF08DE031D05E61100908CCA /* HudLayer.swift in Sources */ = {isa = PBXBuildFile; fileRef = AF08DE021D05E61100908CCA /* HudLayer.swift */; };
		AF08DE051D05E62700908CCA /* BackgroundLayer.swift in Sources */ = {isa = PBXBuildFile; fileRef = AF08DE041D05E62700908CCA /* BackgroundLayer.swift */; };
		AF08DE071D05EA1700908CCA /* Status.swift in Sources */ = {isa = PBXBuildFile; fileRef = AF08DE061D05EA1700908CCA /* Status.swift */; };
		AF16D8821CFF59A800E1F2B1 /* Arrow.swift in Sources */ = {isa = PBXBuildFile; fileRef = AF16D8811CFF59A800E1F2B1 /* Arrow.swift */; };
		AF5BB5B11CEF7C910018877E /* Constants.swift in Sources */ = {isa = PBXBuildFile; fileRef = AF5BB5B01CEF7C910018877E /* Constants.swift */; };
		AF5E7CC41CFCD47F00DC906C /* ParallaxNode.swift in Sources */ = {isa = PBXBuildFile; fileRef = AF5E7CC31CFCD47F00DC906C /* ParallaxNode.swift */; };
		AFA3DF771D0F9E31003039ED /* disposabledroid-bb.regular.ttf in Resources */ = {isa = PBXBuildFile; fileRef = AFA3DF761D0F9E31003039ED /* disposabledroid-bb.regular.ttf */; };
		AFA3DF781D0F9E31003039ED /* disposabledroid-bb.regular.ttf in Resources */ = {isa = PBXBuildFile; fileRef = AFA3DF761D0F9E31003039ED /* disposabledroid-bb.regular.ttf */; };
		AFCB61DB1D07540900259B62 /* Game.xcassets in Resources */ = {isa = PBXBuildFile; fileRef = AFCB61DA1D07540900259B62 /* Game.xcassets */; };
		AFCB61DE1D07540900259B62 /* Main.storyboard in Resources */ = {isa = PBXBuildFile; fileRef = AFCB61DC1D07540900259B62 /* Main.storyboard */; };
		AFCB61E01D07540900259B62 /* Assets.xcassets in Resources */ = {isa = PBXBuildFile; fileRef = AFCB61DF1D07540900259B62 /* Assets.xcassets */; };
		AFCB61E71D0754A200259B62 /* GameLayer.swift in Sources */ = {isa = PBXBuildFile; fileRef = AF08DDFF1D05E5D600908CCA /* GameLayer.swift */; };
		AFCB61E81D0754A600259B62 /* HudLayer.swift in Sources */ = {isa = PBXBuildFile; fileRef = AF08DE021D05E61100908CCA /* HudLayer.swift */; };
		AFCB61E91D0754A900259B62 /* BackgroundLayer.swift in Sources */ = {isa = PBXBuildFile; fileRef = AF08DE041D05E62700908CCA /* BackgroundLayer.swift */; };
		AFCB61EB1D0754AF00259B62 /* GameScene.sks in Resources */ = {isa = PBXBuildFile; fileRef = AFD4882A1CEA3F6A00C482A1 /* GameScene.sks */; };
		AFCB61EC1D0754D000259B62 /* GameMountainScene.swift in Sources */ = {isa = PBXBuildFile; fileRef = AFD4882C1CEA3F6A00C482A1 /* GameMountainScene.swift */; };
		AFCB61ED1D0754D500259B62 /* Arrow.swift in Sources */ = {isa = PBXBuildFile; fileRef = AF16D8811CFF59A800E1F2B1 /* Arrow.swift */; };
		AFCB61EF1D0754DD00259B62 /* Knight.swift in Sources */ = {isa = PBXBuildFile; fileRef = AFF2E2121CF381E90071F832 /* Knight.swift */; };
		AFCB61F01D0754E100259B62 /* ArcherKnight.swift in Sources */ = {isa = PBXBuildFile; fileRef = AFF2E2341CF38DE70071F832 /* ArcherKnight.swift */; };
		AFCB61F11D0754E500259B62 /* Player.swift in Sources */ = {isa = PBXBuildFile; fileRef = AFD4883E1CEA40CE00C482A1 /* Player.swift */; };
		AFCB61F21D0754F100259B62 /* ParallaxNode.swift in Sources */ = {isa = PBXBuildFile; fileRef = AF5E7CC31CFCD47F00DC906C /* ParallaxNode.swift */; };
		AFCB61F31D0754F400259B62 /* Constants.swift in Sources */ = {isa = PBXBuildFile; fileRef = AF5BB5B01CEF7C910018877E /* Constants.swift */; };
		AFCB61F41D0754F800259B62 /* Status.swift in Sources */ = {isa = PBXBuildFile; fileRef = AF08DE061D05EA1700908CCA /* Status.swift */; };
		AFCB61F51D07571500259B62 /* GameViewController.swift in Sources */ = {isa = PBXBuildFile; fileRef = AFCB61D81D07540900259B62 /* GameViewController.swift */; };
		AFCB61F61D07572600259B62 /* AppDelegate.swift in Sources */ = {isa = PBXBuildFile; fileRef = AFCB61D21D07540800259B62 /* AppDelegate.swift */; };
		AFD488291CEA3F6A00C482A1 /* AppDelegate.swift in Sources */ = {isa = PBXBuildFile; fileRef = AFD488281CEA3F6A00C482A1 /* AppDelegate.swift */; };
		AFD4882B1CEA3F6A00C482A1 /* GameScene.sks in Resources */ = {isa = PBXBuildFile; fileRef = AFD4882A1CEA3F6A00C482A1 /* GameScene.sks */; };
		AFD4882D1CEA3F6A00C482A1 /* GameMountainScene.swift in Sources */ = {isa = PBXBuildFile; fileRef = AFD4882C1CEA3F6A00C482A1 /* GameMountainScene.swift */; };
		AFD4882F1CEA3F6A00C482A1 /* GameViewController.swift in Sources */ = {isa = PBXBuildFile; fileRef = AFD4882E1CEA3F6A00C482A1 /* GameViewController.swift */; };
		AFD488321CEA3F6A00C482A1 /* Main.storyboard in Resources */ = {isa = PBXBuildFile; fileRef = AFD488301CEA3F6A00C482A1 /* Main.storyboard */; };
		AFD488341CEA3F6A00C482A1 /* Assets.xcassets in Resources */ = {isa = PBXBuildFile; fileRef = AFD488331CEA3F6A00C482A1 /* Assets.xcassets */; };
		AFD488371CEA3F6A00C482A1 /* LaunchScreen.storyboard in Resources */ = {isa = PBXBuildFile; fileRef = AFD488351CEA3F6A00C482A1 /* LaunchScreen.storyboard */; };
		AFD4883F1CEA40CE00C482A1 /* Player.swift in Sources */ = {isa = PBXBuildFile; fileRef = AFD4883E1CEA40CE00C482A1 /* Player.swift */; };
		AFF2E2131CF381E90071F832 /* Knight.swift in Sources */ = {isa = PBXBuildFile; fileRef = AFF2E2121CF381E90071F832 /* Knight.swift */; };
		AFF2E2351CF38DE70071F832 /* ArcherKnight.swift in Sources */ = {isa = PBXBuildFile; fileRef = AFF2E2341CF38DE70071F832 /* ArcherKnight.swift */; };
		C5064CC528E61D3300F8ECC2 /* Alive.swift in Sources */ = {isa = PBXBuildFile; fileRef = C5064CC428E61D3300F8ECC2 /* Alive.swift */; };
		C5064CC628E61D3300F8ECC2 /* Alive.swift in Sources */ = {isa = PBXBuildFile; fileRef = C5064CC428E61D3300F8ECC2 /* Alive.swift */; };
		C5064CC828E63EF600F8ECC2 /* GroundNode.swift in Sources */ = {isa = PBXBuildFile; fileRef = C5064CC728E63EF600F8ECC2 /* GroundNode.swift */; };
		C5064CC928E63EF600F8ECC2 /* GroundNode.swift in Sources */ = {isa = PBXBuildFile; fileRef = C5064CC728E63EF600F8ECC2 /* GroundNode.swift */; };
		C5B358E328E726550004B31F /* AnimationCache.swift in Sources */ = {isa = PBXBuildFile; fileRef = C5B358E228E726550004B31F /* AnimationCache.swift */; };
		C5B358E528E73D360004B31F /* Enemy.swift in Sources */ = {isa = PBXBuildFile; fileRef = C5B358E428E73D360004B31F /* Enemy.swift */; };
/* End PBXBuildFile section */

/* Begin PBXFileReference section */
		2FB1E6FD2384D73500BB785A /* Collidable.swift */ = {isa = PBXFileReference; lastKnownFileType = sourcecode.swift; path = Collidable.swift; sourceTree = "<group>"; };
		2FB1E7032384EC5000BB785A /* LiveObject.swift */ = {isa = PBXFileReference; lastKnownFileType = sourcecode.swift; path = LiveObject.swift; sourceTree = "<group>"; };
		2FB1E70D2385012900BB785A /* ArcherAbility.swift */ = {isa = PBXFileReference; lastKnownFileType = sourcecode.swift; path = ArcherAbility.swift; sourceTree = "<group>"; };
		AF07FE8B1CED0798002EE336 /* PlayerActions.sks */ = {isa = PBXFileReference; lastKnownFileType = file.sks; path = PlayerActions.sks; sourceTree = "<group>"; };
		AF08DDFF1D05E5D600908CCA /* GameLayer.swift */ = {isa = PBXFileReference; fileEncoding = 4; lastKnownFileType = sourcecode.swift; path = GameLayer.swift; sourceTree = "<group>"; };
		AF08DE021D05E61100908CCA /* HudLayer.swift */ = {isa = PBXFileReference; fileEncoding = 4; lastKnownFileType = sourcecode.swift; path = HudLayer.swift; sourceTree = "<group>"; };
		AF08DE041D05E62700908CCA /* BackgroundLayer.swift */ = {isa = PBXFileReference; fileEncoding = 4; lastKnownFileType = sourcecode.swift; path = BackgroundLayer.swift; sourceTree = "<group>"; };
		AF08DE061D05EA1700908CCA /* Status.swift */ = {isa = PBXFileReference; fileEncoding = 4; lastKnownFileType = sourcecode.swift; path = Status.swift; sourceTree = "<group>"; };
		AF16D8811CFF59A800E1F2B1 /* Arrow.swift */ = {isa = PBXFileReference; fileEncoding = 4; lastKnownFileType = sourcecode.swift; path = Arrow.swift; sourceTree = "<group>"; };
		AF5BB5B01CEF7C910018877E /* Constants.swift */ = {isa = PBXFileReference; fileEncoding = 4; lastKnownFileType = sourcecode.swift; path = Constants.swift; sourceTree = "<group>"; };
		AF5E7CC31CFCD47F00DC906C /* ParallaxNode.swift */ = {isa = PBXFileReference; fileEncoding = 4; lastKnownFileType = sourcecode.swift; path = ParallaxNode.swift; sourceTree = "<group>"; };
		AFA3DF761D0F9E31003039ED /* disposabledroid-bb.regular.ttf */ = {isa = PBXFileReference; lastKnownFileType = file; path = "disposabledroid-bb.regular.ttf"; sourceTree = "<group>"; };
		AFCB61D01D07540800259B62 /* Lucky Thief.app */ = {isa = PBXFileReference; explicitFileType = wrapper.application; includeInIndex = 0; path = "Lucky Thief.app"; sourceTree = BUILT_PRODUCTS_DIR; };
		AFCB61D21D07540800259B62 /* AppDelegate.swift */ = {isa = PBXFileReference; lastKnownFileType = sourcecode.swift; path = AppDelegate.swift; sourceTree = "<group>"; };
		AFCB61D41D07540800259B62 /* GameScene.sks */ = {isa = PBXFileReference; lastKnownFileType = file.sks; path = GameScene.sks; sourceTree = "<group>"; };
		AFCB61D61D07540800259B62 /* GameScene.swift */ = {isa = PBXFileReference; lastKnownFileType = sourcecode.swift; path = GameScene.swift; sourceTree = "<group>"; };
		AFCB61D81D07540900259B62 /* GameViewController.swift */ = {isa = PBXFileReference; lastKnownFileType = sourcecode.swift; path = GameViewController.swift; sourceTree = "<group>"; };
		AFCB61DA1D07540900259B62 /* Game.xcassets */ = {isa = PBXFileReference; lastKnownFileType = folder.assetcatalog; path = Game.xcassets; sourceTree = "<group>"; };
		AFCB61DD1D07540900259B62 /* Base */ = {isa = PBXFileReference; lastKnownFileType = file.storyboard; name = Base; path = Base.lproj/Main.storyboard; sourceTree = "<group>"; };
		AFCB61DF1D07540900259B62 /* Assets.xcassets */ = {isa = PBXFileReference; lastKnownFileType = folder.assetcatalog; path = Assets.xcassets; sourceTree = "<group>"; };
		AFCB61E11D07540900259B62 /* Info.plist */ = {isa = PBXFileReference; lastKnownFileType = text.plist.xml; path = Info.plist; sourceTree = "<group>"; };
		AFD488251CEA3F6A00C482A1 /* LuckyThief.app */ = {isa = PBXFileReference; explicitFileType = wrapper.application; includeInIndex = 0; path = LuckyThief.app; sourceTree = BUILT_PRODUCTS_DIR; };
		AFD488281CEA3F6A00C482A1 /* AppDelegate.swift */ = {isa = PBXFileReference; lastKnownFileType = sourcecode.swift; path = AppDelegate.swift; sourceTree = "<group>"; };
		AFD4882A1CEA3F6A00C482A1 /* GameScene.sks */ = {isa = PBXFileReference; lastKnownFileType = file.sks; path = GameScene.sks; sourceTree = "<group>"; };
		AFD4882C1CEA3F6A00C482A1 /* GameMountainScene.swift */ = {isa = PBXFileReference; lastKnownFileType = sourcecode.swift; path = GameMountainScene.swift; sourceTree = "<group>"; };
		AFD4882E1CEA3F6A00C482A1 /* GameViewController.swift */ = {isa = PBXFileReference; lastKnownFileType = sourcecode.swift; path = GameViewController.swift; sourceTree = "<group>"; };
		AFD488311CEA3F6A00C482A1 /* Base */ = {isa = PBXFileReference; lastKnownFileType = file.storyboard; name = Base; path = Base.lproj/Main.storyboard; sourceTree = "<group>"; };
		AFD488331CEA3F6A00C482A1 /* Assets.xcassets */ = {isa = PBXFileReference; lastKnownFileType = folder.assetcatalog; path = Assets.xcassets; sourceTree = "<group>"; };
		AFD488361CEA3F6A00C482A1 /* Base */ = {isa = PBXFileReference; lastKnownFileType = file.storyboard; name = Base; path = Base.lproj/LaunchScreen.storyboard; sourceTree = "<group>"; };
		AFD488381CEA3F6A00C482A1 /* Info.plist */ = {isa = PBXFileReference; lastKnownFileType = text.plist.xml; path = Info.plist; sourceTree = "<group>"; };
		AFD4883E1CEA40CE00C482A1 /* Player.swift */ = {isa = PBXFileReference; fileEncoding = 4; lastKnownFileType = sourcecode.swift; path = Player.swift; sourceTree = "<group>"; };
		AFF2E2121CF381E90071F832 /* Knight.swift */ = {isa = PBXFileReference; fileEncoding = 4; lastKnownFileType = sourcecode.swift; path = Knight.swift; sourceTree = "<group>"; };
		AFF2E2341CF38DE70071F832 /* ArcherKnight.swift */ = {isa = PBXFileReference; fileEncoding = 4; lastKnownFileType = sourcecode.swift; path = ArcherKnight.swift; sourceTree = "<group>"; };
		C5064CC428E61D3300F8ECC2 /* Alive.swift */ = {isa = PBXFileReference; lastKnownFileType = sourcecode.swift; path = Alive.swift; sourceTree = "<group>"; };
		C5064CC728E63EF600F8ECC2 /* GroundNode.swift */ = {isa = PBXFileReference; lastKnownFileType = sourcecode.swift; path = GroundNode.swift; sourceTree = "<group>"; };
		C5B358E228E726550004B31F /* AnimationCache.swift */ = {isa = PBXFileReference; lastKnownFileType = sourcecode.swift; path = AnimationCache.swift; sourceTree = "<group>"; };
		C5B358E428E73D360004B31F /* Enemy.swift */ = {isa = PBXFileReference; lastKnownFileType = sourcecode.swift; path = Enemy.swift; sourceTree = "<group>"; };
/* End PBXFileReference section */

/* Begin PBXFrameworksBuildPhase section */
		AFCB61CD1D07540800259B62 /* Frameworks */ = {
			isa = PBXFrameworksBuildPhase;
			buildActionMask = 2147483647;
			files = (
			);
			runOnlyForDeploymentPostprocessing = 0;
		};
		AFD488221CEA3F6A00C482A1 /* Frameworks */ = {
			isa = PBXFrameworksBuildPhase;
			buildActionMask = 2147483647;
			files = (
			);
			runOnlyForDeploymentPostprocessing = 0;
		};
/* End PBXFrameworksBuildPhase section */

/* Begin PBXGroup section */
		2FB1E6FC2384D6EC00BB785A /* Protocols */ = {
			isa = PBXGroup;
			children = (
				C5064CC428E61D3300F8ECC2 /* Alive.swift */,
				2FB1E70D2385012900BB785A /* ArcherAbility.swift */,
				2FB1E6FD2384D73500BB785A /* Collidable.swift */,
				C5B358E428E73D360004B31F /* Enemy.swift */,
			);
			name = Protocols;
			sourceTree = "<group>";
		};
		AF08DE011D05E5DD00908CCA /* Layers */ = {
			isa = PBXGroup;
			children = (
				AF08DDFF1D05E5D600908CCA /* GameLayer.swift */,
				AF08DE021D05E61100908CCA /* HudLayer.swift */,
				AF08DE041D05E62700908CCA /* BackgroundLayer.swift */,
			);
			name = Layers;
			sourceTree = "<group>";
		};
		AF5BB5B21CEF7CA50018877E /* Objects */ = {
			isa = PBXGroup;
			children = (
				2FB1E7032384EC5000BB785A /* LiveObject.swift */,
				AFF2E2341CF38DE70071F832 /* ArcherKnight.swift */,
				AF16D8811CFF59A800E1F2B1 /* Arrow.swift */,
				AFF2E2121CF381E90071F832 /* Knight.swift */,
				AFD4883E1CEA40CE00C482A1 /* Player.swift */,
				C5064CC728E63EF600F8ECC2 /* GroundNode.swift */,
			);
			name = Objects;
			sourceTree = "<group>";
		};
		AF5BB5B31CEF7CB40018877E /* Scenes */ = {
			isa = PBXGroup;
			children = (
				AFD4882A1CEA3F6A00C482A1 /* GameScene.sks */,
				AFD4882C1CEA3F6A00C482A1 /* GameMountainScene.swift */,
			);
			name = Scenes;
			sourceTree = "<group>";
		};
		AFCB61D11D07540800259B62 /* Lucky Thief */ = {
			isa = PBXGroup;
			children = (
				AFCB61D21D07540800259B62 /* AppDelegate.swift */,
				AFCB61D41D07540800259B62 /* GameScene.sks */,
				AFCB61D61D07540800259B62 /* GameScene.swift */,
				AFCB61D81D07540900259B62 /* GameViewController.swift */,
				AFCB61DA1D07540900259B62 /* Game.xcassets */,
				AFCB61DC1D07540900259B62 /* Main.storyboard */,
				AFCB61DF1D07540900259B62 /* Assets.xcassets */,
				AFCB61E11D07540900259B62 /* Info.plist */,
			);
			path = "Lucky Thief";
			sourceTree = "<group>";
		};
		AFD4881C1CEA3F6A00C482A1 = {
			isa = PBXGroup;
			children = (
				AF07FE8B1CED0798002EE336 /* PlayerActions.sks */,
				AFA3DF761D0F9E31003039ED /* disposabledroid-bb.regular.ttf */,
				AFD488271CEA3F6A00C482A1 /* Run to the Mountain */,
				AFCB61D11D07540800259B62 /* Lucky Thief */,
				AFD488261CEA3F6A00C482A1 /* Products */,
			);
			sourceTree = "<group>";
		};
		AFD488261CEA3F6A00C482A1 /* Products */ = {
			isa = PBXGroup;
			children = (
				AFD488251CEA3F6A00C482A1 /* LuckyThief.app */,
				AFCB61D01D07540800259B62 /* Lucky Thief.app */,
			);
			name = Products;
			sourceTree = "<group>";
		};
		AFD488271CEA3F6A00C482A1 /* Run to the Mountain */ = {
			isa = PBXGroup;
			children = (
				AFD488381CEA3F6A00C482A1 /* Info.plist */,
				AFD488281CEA3F6A00C482A1 /* AppDelegate.swift */,
				AF5BB5B01CEF7C910018877E /* Constants.swift */,
				AFD4882E1CEA3F6A00C482A1 /* GameViewController.swift */,
				AF5E7CC31CFCD47F00DC906C /* ParallaxNode.swift */,
				AF08DE061D05EA1700908CCA /* Status.swift */,
				AFD488331CEA3F6A00C482A1 /* Assets.xcassets */,
				AFD488351CEA3F6A00C482A1 /* LaunchScreen.storyboard */,
				AFD488301CEA3F6A00C482A1 /* Main.storyboard */,
				C5B358E128E726130004B31F /* Helper */,
				AF08DE011D05E5DD00908CCA /* Layers */,
				AF5BB5B21CEF7CA50018877E /* Objects */,
				2FB1E6FC2384D6EC00BB785A /* Protocols */,
				AF5BB5B31CEF7CB40018877E /* Scenes */,
			);
			path = "Run to the Mountain";
			sourceTree = "<group>";
		};
		C5B358E128E726130004B31F /* Helper */ = {
			isa = PBXGroup;
			children = (
				C5B358E228E726550004B31F /* AnimationCache.swift */,
			);
			name = Helper;
			sourceTree = "<group>";
		};
/* End PBXGroup section */

/* Begin PBXNativeTarget section */
		AFCB61CF1D07540800259B62 /* Lucky Thief */ = {
			isa = PBXNativeTarget;
			buildConfigurationList = AFCB61E21D07540900259B62 /* Build configuration list for PBXNativeTarget "Lucky Thief" */;
			buildPhases = (
				AFCB61CC1D07540800259B62 /* Sources */,
				AFCB61CD1D07540800259B62 /* Frameworks */,
				AFCB61CE1D07540800259B62 /* Resources */,
			);
			buildRules = (
			);
			dependencies = (
			);
			name = "Lucky Thief";
			productName = "Lucky Thief";
			productReference = AFCB61D01D07540800259B62 /* Lucky Thief.app */;
			productType = "com.apple.product-type.application";
		};
		AFD488241CEA3F6A00C482A1 /* LuckyThief */ = {
			isa = PBXNativeTarget;
			buildConfigurationList = AFD4883B1CEA3F6A00C482A1 /* Build configuration list for PBXNativeTarget "LuckyThief" */;
			buildPhases = (
				AFD488211CEA3F6A00C482A1 /* Sources */,
				AFD488221CEA3F6A00C482A1 /* Frameworks */,
				AFD488231CEA3F6A00C482A1 /* Resources */,
			);
			buildRules = (
			);
			dependencies = (
			);
			name = LuckyThief;
			productName = "Run to the Mountain";
			productReference = AFD488251CEA3F6A00C482A1 /* LuckyThief.app */;
			productType = "com.apple.product-type.application";
		};
/* End PBXNativeTarget section */

/* Begin PBXProject section */
		AFD4881D1CEA3F6A00C482A1 /* Project object */ = {
			isa = PBXProject;
			attributes = {
				LastSwiftUpdateCheck = 0730;
				LastUpgradeCheck = 1120;
				ORGANIZATIONNAME = "Warrior Iena";
				TargetAttributes = {
					AFCB61CF1D07540800259B62 = {
						CreatedOnToolsVersion = 7.3.1;
						DevelopmentTeam = 75Q35KU859;
					};
					AFD488241CEA3F6A00C482A1 = {
						CreatedOnToolsVersion = 7.3.1;
						DevelopmentTeam = Q7836M9296;
						LastSwiftMigration = 1120;
					};
				};
			};
			buildConfigurationList = AFD488201CEA3F6A00C482A1 /* Build configuration list for PBXProject "Run to the Mountain" */;
			compatibilityVersion = "Xcode 3.2";
			developmentRegion = en;
			hasScannedForEncodings = 0;
			knownRegions = (
				en,
				Base,
			);
			mainGroup = AFD4881C1CEA3F6A00C482A1;
			productRefGroup = AFD488261CEA3F6A00C482A1 /* Products */;
			projectDirPath = "";
			projectRoot = "";
			targets = (
				AFD488241CEA3F6A00C482A1 /* LuckyThief */,
				AFCB61CF1D07540800259B62 /* Lucky Thief */,
			);
		};
/* End PBXProject section */

/* Begin PBXResourcesBuildPhase section */
		AFCB61CE1D07540800259B62 /* Resources */ = {
			isa = PBXResourcesBuildPhase;
			buildActionMask = 2147483647;
			files = (
				AFCB61DE1D07540900259B62 /* Main.storyboard in Resources */,
				AFCB61EB1D0754AF00259B62 /* GameScene.sks in Resources */,
				AFCB61E01D07540900259B62 /* Assets.xcassets in Resources */,
				AFCB61DB1D07540900259B62 /* Game.xcassets in Resources */,
				AFA3DF781D0F9E31003039ED /* disposabledroid-bb.regular.ttf in Resources */,
			);
			runOnlyForDeploymentPostprocessing = 0;
		};
		AFD488231CEA3F6A00C482A1 /* Resources */ = {
			isa = PBXResourcesBuildPhase;
			buildActionMask = 2147483647;
			files = (
				AFD4882B1CEA3F6A00C482A1 /* GameScene.sks in Resources */,
				AFD488371CEA3F6A00C482A1 /* LaunchScreen.storyboard in Resources */,
				AFD488341CEA3F6A00C482A1 /* Assets.xcassets in Resources */,
				AFD488321CEA3F6A00C482A1 /* Main.storyboard in Resources */,
				AF07FE8C1CED0798002EE336 /* PlayerActions.sks in Resources */,
				AFA3DF771D0F9E31003039ED /* disposabledroid-bb.regular.ttf in Resources */,
			);
			runOnlyForDeploymentPostprocessing = 0;
		};
/* End PBXResourcesBuildPhase section */

/* Begin PBXSourcesBuildPhase section */
		AFCB61CC1D07540800259B62 /* Sources */ = {
			isa = PBXSourcesBuildPhase;
			buildActionMask = 2147483647;
			files = (
				AFCB61F11D0754E500259B62 /* Player.swift in Sources */,
				AFCB61E71D0754A200259B62 /* GameLayer.swift in Sources */,
				C5064CC928E63EF600F8ECC2 /* GroundNode.swift in Sources */,
				AFCB61E81D0754A600259B62 /* HudLayer.swift in Sources */,
				AFCB61E91D0754A900259B62 /* BackgroundLayer.swift in Sources */,
				AFCB61EF1D0754DD00259B62 /* Knight.swift in Sources */,
				AFCB61F31D0754F400259B62 /* Constants.swift in Sources */,
				2FB1E7052384EC5000BB785A /* LiveObject.swift in Sources */,
				2FB1E6FF2384D73500BB785A /* Collidable.swift in Sources */,
				AFCB61F61D07572600259B62 /* AppDelegate.swift in Sources */,
				AFCB61ED1D0754D500259B62 /* Arrow.swift in Sources */,
				AFCB61F41D0754F800259B62 /* Status.swift in Sources */,
				AFCB61F51D07571500259B62 /* GameViewController.swift in Sources */,
				AFCB61F21D0754F100259B62 /* ParallaxNode.swift in Sources */,
				2FB1E70F2385012900BB785A /* ArcherAbility.swift in Sources */,
				C5064CC628E61D3300F8ECC2 /* Alive.swift in Sources */,
				AFCB61EC1D0754D000259B62 /* GameMountainScene.swift in Sources */,
				AFCB61F01D0754E100259B62 /* ArcherKnight.swift in Sources */,
			);
			runOnlyForDeploymentPostprocessing = 0;
		};
		AFD488211CEA3F6A00C482A1 /* Sources */ = {
			isa = PBXSourcesBuildPhase;
			buildActionMask = 2147483647;
			files = (
				AF08DE001D05E5D600908CCA /* GameLayer.swift in Sources */,
				AFD4883F1CEA40CE00C482A1 /* Player.swift in Sources */,
				C5064CC828E63EF600F8ECC2 /* GroundNode.swift in Sources */,
				AF08DE031D05E61100908CCA /* HudLayer.swift in Sources */,
				AFD4882D1CEA3F6A00C482A1 /* GameMountainScene.swift in Sources */,
				AF16D8821CFF59A800E1F2B1 /* Arrow.swift in Sources */,
				C5B358E328E726550004B31F /* AnimationCache.swift in Sources */,
				AFD4882F1CEA3F6A00C482A1 /* GameViewController.swift in Sources */,
				2FB1E7042384EC5000BB785A /* LiveObject.swift in Sources */,
				2FB1E6FE2384D73500BB785A /* Collidable.swift in Sources */,
				AF5E7CC41CFCD47F00DC906C /* ParallaxNode.swift in Sources */,
				AFD488291CEA3F6A00C482A1 /* AppDelegate.swift in Sources */,
				AF08DE071D05EA1700908CCA /* Status.swift in Sources */,
				AF5BB5B11CEF7C910018877E /* Constants.swift in Sources */,
				AFF2E2131CF381E90071F832 /* Knight.swift in Sources */,
				2FB1E70E2385012900BB785A /* ArcherAbility.swift in Sources */,
				C5B358E528E73D360004B31F /* Enemy.swift in Sources */,
				C5064CC528E61D3300F8ECC2 /* Alive.swift in Sources */,
				AFF2E2351CF38DE70071F832 /* ArcherKnight.swift in Sources */,
				AF08DE051D05E62700908CCA /* BackgroundLayer.swift in Sources */,
			);
			runOnlyForDeploymentPostprocessing = 0;
		};
/* End PBXSourcesBuildPhase section */

/* Begin PBXVariantGroup section */
		AFCB61DC1D07540900259B62 /* Main.storyboard */ = {
			isa = PBXVariantGroup;
			children = (
				AFCB61DD1D07540900259B62 /* Base */,
			);
			name = Main.storyboard;
			sourceTree = "<group>";
		};
		AFD488301CEA3F6A00C482A1 /* Main.storyboard */ = {
			isa = PBXVariantGroup;
			children = (
				AFD488311CEA3F6A00C482A1 /* Base */,
			);
			name = Main.storyboard;
			sourceTree = "<group>";
		};
		AFD488351CEA3F6A00C482A1 /* LaunchScreen.storyboard */ = {
			isa = PBXVariantGroup;
			children = (
				AFD488361CEA3F6A00C482A1 /* Base */,
			);
			name = LaunchScreen.storyboard;
			sourceTree = "<group>";
		};
/* End PBXVariantGroup section */

/* Begin XCBuildConfiguration section */
		AFCB61E31D07540900259B62 /* Debug */ = {
			isa = XCBuildConfiguration;
			buildSettings = {
				ASSETCATALOG_COMPILER_APPICON_NAME = "App Icon & Top Shelf Image";
				ASSETCATALOG_COMPILER_LAUNCHIMAGE_NAME = LaunchImage;
				CODE_SIGN_IDENTITY = "iPhone Developer";
				"CODE_SIGN_IDENTITY[sdk=appletvos*]" = "iPhone Developer";
				INFOPLIST_FILE = "Lucky Thief/Info.plist";
				LD_RUNPATH_SEARCH_PATHS = "$(inherited) @executable_path/Frameworks";
				PRODUCT_BUNDLE_IDENTIFIER = "WI.com.Lucky-Thief";
				PRODUCT_NAME = "$(TARGET_NAME)";
				PROVISIONING_PROFILE = "";
				SDKROOT = appletvos;
				SWIFT_VERSION = 5.0;
				TARGETED_DEVICE_FAMILY = 3;
				TVOS_DEPLOYMENT_TARGET = 13.4;
			};
			name = Debug;
		};
		AFCB61E41D07540900259B62 /* Release */ = {
			isa = XCBuildConfiguration;
			buildSettings = {
				ASSETCATALOG_COMPILER_APPICON_NAME = "App Icon & Top Shelf Image";
				ASSETCATALOG_COMPILER_LAUNCHIMAGE_NAME = LaunchImage;
				CODE_SIGN_IDENTITY = "iPhone Developer";
				"CODE_SIGN_IDENTITY[sdk=appletvos*]" = "iPhone Developer";
				INFOPLIST_FILE = "Lucky Thief/Info.plist";
				LD_RUNPATH_SEARCH_PATHS = "$(inherited) @executable_path/Frameworks";
				PRODUCT_BUNDLE_IDENTIFIER = "WI.com.Lucky-Thief";
				PRODUCT_NAME = "$(TARGET_NAME)";
				PROVISIONING_PROFILE = "";
				SDKROOT = appletvos;
				SWIFT_VERSION = 5.0;
				TARGETED_DEVICE_FAMILY = 3;
				TVOS_DEPLOYMENT_TARGET = 13.4;
			};
			name = Release;
		};
		AFD488391CEA3F6A00C482A1 /* Debug */ = {
			isa = XCBuildConfiguration;
			buildSettings = {
				ALWAYS_SEARCH_USER_PATHS = NO;
				CLANG_ANALYZER_NONNULL = YES;
				CLANG_CXX_LANGUAGE_STANDARD = "gnu++0x";
				CLANG_CXX_LIBRARY = "libc++";
				CLANG_ENABLE_MODULES = YES;
				CLANG_ENABLE_OBJC_ARC = YES;
				CLANG_WARN_BLOCK_CAPTURE_AUTORELEASING = YES;
				CLANG_WARN_BOOL_CONVERSION = YES;
				CLANG_WARN_COMMA = YES;
				CLANG_WARN_CONSTANT_CONVERSION = YES;
				CLANG_WARN_DEPRECATED_OBJC_IMPLEMENTATIONS = YES;
				CLANG_WARN_DIRECT_OBJC_ISA_USAGE = YES_ERROR;
				CLANG_WARN_EMPTY_BODY = YES;
				CLANG_WARN_ENUM_CONVERSION = YES;
				CLANG_WARN_INFINITE_RECURSION = YES;
				CLANG_WARN_INT_CONVERSION = YES;
				CLANG_WARN_NON_LITERAL_NULL_CONVERSION = YES;
				CLANG_WARN_OBJC_IMPLICIT_RETAIN_SELF = YES;
				CLANG_WARN_OBJC_LITERAL_CONVERSION = YES;
				CLANG_WARN_OBJC_ROOT_CLASS = YES_ERROR;
				CLANG_WARN_RANGE_LOOP_ANALYSIS = YES;
				CLANG_WARN_STRICT_PROTOTYPES = YES;
				CLANG_WARN_SUSPICIOUS_MOVE = YES;
				CLANG_WARN_UNREACHABLE_CODE = YES;
				CLANG_WARN__DUPLICATE_METHOD_MATCH = YES;
				"CODE_SIGN_IDENTITY[sdk=iphoneos*]" = "iPhone Developer";
				COPY_PHASE_STRIP = NO;
				DEBUG_INFORMATION_FORMAT = "dwarf-with-dsym";
				ENABLE_STRICT_OBJC_MSGSEND = YES;
				ENABLE_TESTABILITY = YES;
				GCC_C_LANGUAGE_STANDARD = gnu99;
				GCC_DYNAMIC_NO_PIC = NO;
				GCC_NO_COMMON_BLOCKS = YES;
				GCC_OPTIMIZATION_LEVEL = 0;
				GCC_PREPROCESSOR_DEFINITIONS = (
					"DEBUG=1",
					"$(inherited)",
				);
				GCC_WARN_64_TO_32_BIT_CONVERSION = YES;
				GCC_WARN_ABOUT_RETURN_TYPE = YES_ERROR;
				GCC_WARN_UNDECLARED_SELECTOR = YES;
				GCC_WARN_UNINITIALIZED_AUTOS = YES_AGGRESSIVE;
				GCC_WARN_UNUSED_FUNCTION = YES;
				GCC_WARN_UNUSED_VARIABLE = YES;
				IPHONEOS_DEPLOYMENT_TARGET = 9.3;
				MTL_ENABLE_DEBUG_INFO = YES;
				ONLY_ACTIVE_ARCH = YES;
				SDKROOT = iphoneos;
				SWIFT_OPTIMIZATION_LEVEL = "-Onone";
				SWIFT_SWIFT3_OBJC_INFERENCE = Default;
				SWIFT_VERSION = 5.0;
			};
			name = Debug;
		};
		AFD4883A1CEA3F6A00C482A1 /* Release */ = {
			isa = XCBuildConfiguration;
			buildSettings = {
				ALWAYS_SEARCH_USER_PATHS = NO;
				CLANG_ANALYZER_NONNULL = YES;
				CLANG_CXX_LANGUAGE_STANDARD = "gnu++0x";
				CLANG_CXX_LIBRARY = "libc++";
				CLANG_ENABLE_MODULES = YES;
				CLANG_ENABLE_OBJC_ARC = YES;
				CLANG_WARN_BLOCK_CAPTURE_AUTORELEASING = YES;
				CLANG_WARN_BOOL_CONVERSION = YES;
				CLANG_WARN_COMMA = YES;
				CLANG_WARN_CONSTANT_CONVERSION = YES;
				CLANG_WARN_DEPRECATED_OBJC_IMPLEMENTATIONS = YES;
				CLANG_WARN_DIRECT_OBJC_ISA_USAGE = YES_ERROR;
				CLANG_WARN_EMPTY_BODY = YES;
				CLANG_WARN_ENUM_CONVERSION = YES;
				CLANG_WARN_INFINITE_RECURSION = YES;
				CLANG_WARN_INT_CONVERSION = YES;
				CLANG_WARN_NON_LITERAL_NULL_CONVERSION = YES;
				CLANG_WARN_OBJC_IMPLICIT_RETAIN_SELF = YES;
				CLANG_WARN_OBJC_LITERAL_CONVERSION = YES;
				CLANG_WARN_OBJC_ROOT_CLASS = YES_ERROR;
				CLANG_WARN_RANGE_LOOP_ANALYSIS = YES;
				CLANG_WARN_STRICT_PROTOTYPES = YES;
				CLANG_WARN_SUSPICIOUS_MOVE = YES;
				CLANG_WARN_UNREACHABLE_CODE = YES;
				CLANG_WARN__DUPLICATE_METHOD_MATCH = YES;
				"CODE_SIGN_IDENTITY[sdk=iphoneos*]" = "iPhone Developer";
				COPY_PHASE_STRIP = NO;
				DEBUG_INFORMATION_FORMAT = "dwarf-with-dsym";
				ENABLE_NS_ASSERTIONS = NO;
				ENABLE_STRICT_OBJC_MSGSEND = YES;
				GCC_C_LANGUAGE_STANDARD = gnu99;
				GCC_NO_COMMON_BLOCKS = YES;
				GCC_WARN_64_TO_32_BIT_CONVERSION = YES;
				GCC_WARN_ABOUT_RETURN_TYPE = YES_ERROR;
				GCC_WARN_UNDECLARED_SELECTOR = YES;
				GCC_WARN_UNINITIALIZED_AUTOS = YES_AGGRESSIVE;
				GCC_WARN_UNUSED_FUNCTION = YES;
				GCC_WARN_UNUSED_VARIABLE = YES;
				IPHONEOS_DEPLOYMENT_TARGET = 9.3;
				MTL_ENABLE_DEBUG_INFO = NO;
				SDKROOT = iphoneos;
				SWIFT_COMPILATION_MODE = wholemodule;
				SWIFT_SWIFT3_OBJC_INFERENCE = Default;
				SWIFT_VERSION = 5.0;
				VALIDATE_PRODUCT = YES;
			};
			name = Release;
		};
		AFD4883C1CEA3F6A00C482A1 /* Debug */ = {
			isa = XCBuildConfiguration;
			buildSettings = {
				ASSETCATALOG_COMPILER_APPICON_NAME = AppIcon;
				CODE_SIGN_IDENTITY = "iPhone Developer";
				DEVELOPMENT_TEAM = Q7836M9296;
				INFOPLIST_FILE = "Run to the Mountain/Info.plist";
				IPHONEOS_DEPLOYMENT_TARGET = 13.6;
				LD_RUNPATH_SEARCH_PATHS = "$(inherited) @executable_path/Frameworks";
				PRODUCT_BUNDLE_IDENTIFIER = com.mdt.warina.luckythief;
				PRODUCT_NAME = "$(TARGET_NAME)";
				SWIFT_SWIFT3_OBJC_INFERENCE = Default;
				SWIFT_VERSION = 5.0;
				TARGETED_DEVICE_FAMILY = 1;
			};
			name = Debug;
		};
		AFD4883D1CEA3F6A00C482A1 /* Release */ = {
			isa = XCBuildConfiguration;
			buildSettings = {
				ASSETCATALOG_COMPILER_APPICON_NAME = AppIcon;
				CODE_SIGN_IDENTITY = "iPhone Developer";
				DEVELOPMENT_TEAM = Q7836M9296;
				INFOPLIST_FILE = "Run to the Mountain/Info.plist";
				IPHONEOS_DEPLOYMENT_TARGET = 13.6;
				LD_RUNPATH_SEARCH_PATHS = "$(inherited) @executable_path/Frameworks";
				PRODUCT_BUNDLE_IDENTIFIER = com.mdt.warina.luckythief;
				PRODUCT_NAME = "$(TARGET_NAME)";
				SWIFT_SWIFT3_OBJC_INFERENCE = Default;
				SWIFT_VERSION = 5.0;
				TARGETED_DEVICE_FAMILY = 1;
			};
			name = Release;
		};
/* End XCBuildConfiguration section */

/* Begin XCConfigurationList section */
		AFCB61E21D07540900259B62 /* Build configuration list for PBXNativeTarget "Lucky Thief" */ = {
			isa = XCConfigurationList;
			buildConfigurations = (
				AFCB61E31D07540900259B62 /* Debug */,
				AFCB61E41D07540900259B62 /* Release */,
			);
			defaultConfigurationIsVisible = 0;
			defaultConfigurationName = Release;
		};
		AFD488201CEA3F6A00C482A1 /* Build configuration list for PBXProject "Run to the Mountain" */ = {
			isa = XCConfigurationList;
			buildConfigurations = (
				AFD488391CEA3F6A00C482A1 /* Debug */,
				AFD4883A1CEA3F6A00C482A1 /* Release */,
			);
			defaultConfigurationIsVisible = 0;
			defaultConfigurationName = Release;
		};
		AFD4883B1CEA3F6A00C482A1 /* Build configuration list for PBXNativeTarget "LuckyThief" */ = {
			isa = XCConfigurationList;
			buildConfigurations = (
				AFD4883C1CEA3F6A00C482A1 /* Debug */,
				AFD4883D1CEA3F6A00C482A1 /* Release */,
			);
			defaultConfigurationIsVisible = 0;
			defaultConfigurationName = Release;
		};
/* End XCConfigurationList section */
	};
	rootObject = AFD4881D1CEA3F6A00C482A1 /* Project object */;
}
